
Microsoft Visual Studio Solution File, Format Version 12.00
Project("{FAE04EC0-301F-11D3-BF4B-00C04F79EFBC}") = "P42Logger", "P42Logger\P42Logger.csproj", "{E4959B7E-29F6-4E63-B4E7-5BE8E960AFC9}"
EndProject
Project("{FAE04EC0-301F-11D3-BF4B-00C04F79EFBC}") = "P42LoggerTestProgram", "P42LoggerTestProgram\P42LoggerTestProgram\P42LoggerTestProgram.csproj", "{1414F567-209D-41CD-8680-610FC87004AB}"
EndProject
Project("{FAE04EC0-301F-11D3-BF4B-00C04F79EFBC}") = "P42LogAWSDistributer", "P42LogAWSDistributer\P42LogAWSDistributer.csproj", "{BD50A16F-17A4-4589-8083-CCB410D9F016}"
EndProject
Global
	GlobalSection(SolutionConfigurationPlatforms) = preSolution
		Debug|Any CPU = Debug|Any CPU
		Release|Any CPU = Release|Any CPU
	EndGlobalSection
	GlobalSection(ProjectConfigurationPlatforms) = postSolution
		{E4959B7E-29F6-4E63-B4E7-5BE8E960AFC9}.Debug|Any CPU.ActiveCfg = Debug|Any CPU
		{E4959B7E-29F6-4E63-B4E7-5BE8E960AFC9}.Debug|Any CPU.Build.0 = Debug|Any CPU
		{E4959B7E-29F6-4E63-B4E7-5BE8E960AFC9}.Release|Any CPU.ActiveCfg = Release|Any CPU
		{E4959B7E-29F6-4E63-B4E7-5BE8E960AFC9}.Release|Any CPU.Build.0 = Release|Any CPU
		{1414F567-209D-41CD-8680-610FC87004AB}.Debug|Any CPU.ActiveCfg = Debug|Any CPU
		{1414F567-209D-41CD-8680-610FC87004AB}.Debug|Any CPU.Build.0 = Debug|Any CPU
		{1414F567-209D-41CD-8680-610FC87004AB}.Release|Any CPU.ActiveCfg = Release|Any CPU
		{1414F567-209D-41CD-8680-610FC87004AB}.Release|Any CPU.Build.0 = Release|Any CPU
		{BD50A16F-17A4-4589-8083-CCB410D9F016}.Debug|Any CPU.ActiveCfg = Debug|Any CPU
		{BD50A16F-17A4-4589-8083-CCB410D9F016}.Debug|Any CPU.Build.0 = Debug|Any CPU
		{BD50A16F-17A4-4589-8083-CCB410D9F016}.Release|Any CPU.ActiveCfg = Release|Any CPU
		{BD50A16F-17A4-4589-8083-CCB410D9F016}.Release|Any CPU.Build.0 = Release|Any CPU
	EndGlobalSection
EndGlobal
